{
  "requires": true,
  "lockfileVersion": 1,
  "dependencies": {
    "ts-optchain": {
      "version": "0.1.8",
      "resolved": "https://registry.npmjs.org/ts-optchain/-/ts-optchain-0.1.8.tgz",
      "integrity": "sha512-crvloFKZlPIysdVcP7Ej1w4HijBx7NmLdeorqfxOvt87DcUIbhKV4ZaSgCL+IQ+zzTgDx5zDuNHRvUbTIr9aqw=="
    }
  }
}
